// !$*UTF8*$!
{
	archiveVersion = 1;
	classes = {
	};
	objectVersion = 46;
	objects = {

/* Begin PBXBuildFile section */
		042ACFA91C2C776800BD8A26 /* CardMatchingGame.m in Sources */ = {isa = PBXBuildFile; fileRef = 042ACFA81C2C776800BD8A26 /* CardMatchingGame.m */; };
		042ACFB01C2C77D200BD8A26 /* Deck.m in Sources */ = {isa = PBXBuildFile; fileRef = 042ACFAB1C2C77D200BD8A26 /* Deck.m */; };
		042ACFB11C2C77D200BD8A26 /* PlayingCard.m in Sources */ = {isa = PBXBuildFile; fileRef = 042ACFAD1C2C77D200BD8A26 /* PlayingCard.m */; };
		042ACFB21C2C77D200BD8A26 /* PlayingCardDeck.m in Sources */ = {isa = PBXBuildFile; fileRef = 042ACFAF1C2C77D200BD8A26 /* PlayingCardDeck.m */; };
		049D3E8F1C2A92A3006DE128 /* main.m in Sources */ = {isa = PBXBuildFile; fileRef = 049D3E8E1C2A92A3006DE128 /* main.m */; };
		049D3E921C2A92A3006DE128 /* AppDelegate.m in Sources */ = {isa = PBXBuildFile; fileRef = 049D3E911C2A92A3006DE128 /* AppDelegate.m */; };
		049D3E951C2A92A3006DE128 /* CardGameViewController.m in Sources */ = {isa = PBXBuildFile; fileRef = 049D3E941C2A92A3006DE128 /* CardGameViewController.m */; };
		049D3E981C2A92A4006DE128 /* Main.storyboard in Resources */ = {isa = PBXBuildFile; fileRef = 049D3E961C2A92A4006DE128 /* Main.storyboard */; };
		049D3E9A1C2A92A4006DE128 /* Assets.xcassets in Resources */ = {isa = PBXBuildFile; fileRef = 049D3E991C2A92A4006DE128 /* Assets.xcassets */; };
		049D3E9D1C2A92A4006DE128 /* LaunchScreen.storyboard in Resources */ = {isa = PBXBuildFile; fileRef = 049D3E9B1C2A92A4006DE128 /* LaunchScreen.storyboard */; };
		049D3EA61C2AB57E006DE128 /* Card.m in Sources */ = {isa = PBXBuildFile; fileRef = 049D3EA51C2AB57E006DE128 /* Card.m */; };
/* End PBXBuildFile section */

/* Begin PBXFileReference section */
		042ACFA71C2C776800BD8A26 /* CardMatchingGame.h */ = {isa = PBXFileReference; fileEncoding = 4; lastKnownFileType = sourcecode.c.h; name = CardMatchingGame.h; path = Model/CardMatchingGame.h; sourceTree = "<group>"; };
		042ACFA81C2C776800BD8A26 /* CardMatchingGame.m */ = {isa = PBXFileReference; fileEncoding = 4; lastKnownFileType = sourcecode.c.objc; name = CardMatchingGame.m; path = Model/CardMatchingGame.m; sourceTree = "<group>"; };
		042ACFAA1C2C77D200BD8A26 /* Deck.h */ = {isa = PBXFileReference; fileEncoding = 4; lastKnownFileType = sourcecode.c.h; name = Deck.h; path = Model/Deck.h; sourceTree = "<group>"; };
		042ACFAB1C2C77D200BD8A26 /* Deck.m */ = {isa = PBXFileReference; fileEncoding = 4; lastKnownFileType = sourcecode.c.objc; name = Deck.m; path = Model/Deck.m; sourceTree = "<group>"; };
		042ACFAC1C2C77D200BD8A26 /* PlayingCard.h */ = {isa = PBXFileReference; fileEncoding = 4; lastKnownFileType = sourcecode.c.h; name = PlayingCard.h; path = Model/PlayingCard.h; sourceTree = "<group>"; };
		042ACFAD1C2C77D200BD8A26 /* PlayingCard.m */ = {isa = PBXFileReference; fileEncoding = 4; lastKnownFileType = sourcecode.c.objc; name = PlayingCard.m; path = Model/PlayingCard.m; sourceTree = "<group>"; };
		042ACFAE1C2C77D200BD8A26 /* PlayingCardDeck.h */ = {isa = PBXFileReference; fileEncoding = 4; lastKnownFileType = sourcecode.c.h; name = PlayingCardDeck.h; path = Model/PlayingCardDeck.h; sourceTree = "<group>"; };
		042ACFAF1C2C77D200BD8A26 /* PlayingCardDeck.m */ = {isa = PBXFileReference; fileEncoding = 4; lastKnownFileType = sourcecode.c.objc; name = PlayingCardDeck.m; path = Model/PlayingCardDeck.m; sourceTree = "<group>"; };
		049D3E8A1C2A92A3006DE128 /* Matchismo.app */ = {isa = PBXFileReference; explicitFileType = wrapper.application; includeInIndex = 0; path = Matchismo.app; sourceTree = BUILT_PRODUCTS_DIR; };
		049D3E8E1C2A92A3006DE128 /* main.m */ = {isa = PBXFileReference; lastKnownFileType = sourcecode.c.objc; path = main.m; sourceTree = "<group>"; };
		049D3E901C2A92A3006DE128 /* AppDelegate.h */ = {isa = PBXFileReference; lastKnownFileType = sourcecode.c.h; path = AppDelegate.h; sourceTree = "<group>"; };
		049D3E911C2A92A3006DE128 /* AppDelegate.m */ = {isa = PBXFileReference; lastKnownFileType = sourcecode.c.objc; path = AppDelegate.m; sourceTree = "<group>"; };
		049D3E931C2A92A3006DE128 /* CardGameViewController.h */ = {isa = PBXFileReference; lastKnownFileType = sourcecode.c.h; path = CardGameViewController.h; sourceTree = "<group>"; };
		049D3E941C2A92A3006DE128 /* CardGameViewController.m */ = {isa = PBXFileReference; lastKnownFileType = sourcecode.c.objc; path = CardGameViewController.m; sourceTree = "<group>"; };
		049D3E971C2A92A4006DE128 /* Base */ = {isa = PBXFileReference; lastKnownFileType = file.storyboard; name = Base; path = Base.lproj/Main.storyboard; sourceTree = "<group>"; };
		049D3E991C2A92A4006DE128 /* Assets.xcassets */ = {isa = PBXFileReference; lastKnownFileType = folder.assetcatalog; path = Assets.xcassets; sourceTree = "<group>"; };
		049D3E9C1C2A92A4006DE128 /* Base */ = {isa = PBXFileReference; lastKnownFileType = file.storyboard; name = Base; path = Base.lproj/LaunchScreen.storyboard; sourceTree = "<group>"; };
		049D3E9E1C2A92A4006DE128 /* Info.plist */ = {isa = PBXFileReference; lastKnownFileType = text.plist.xml; path = Info.plist; sourceTree = "<group>"; };
		049D3EA41C2AB57E006DE128 /* Card.h */ = {isa = PBXFileReference; fileEncoding = 4; lastKnownFileType = sourcecode.c.h; name = Card.h; path = Model/Card.h; sourceTree = "<group>"; };
		049D3EA51C2AB57E006DE128 /* Card.m */ = {isa = PBXFileReference; fileEncoding = 4; lastKnownFileType = sourcecode.c.objc; name = Card.m; path = Model/Card.m; sourceTree = "<group>"; };
/* End PBXFileReference section */

/* Begin PBXFrameworksBuildPhase section */
		049D3E871C2A92A3006DE128 /* Frameworks */ = {
			isa = PBXFrameworksBuildPhase;
			buildActionMask = 2147483647;
			files = (
			);
			runOnlyForDeploymentPostprocessing = 0;
		};
/* End PBXFrameworksBuildPhase section */

/* Begin PBXGroup section */
		049D3E811C2A92A3006DE128 = {
			isa = PBXGroup;
			children = (
				049D3E8C1C2A92A3006DE128 /* Matchismo */,
				049D3E8B1C2A92A3006DE128 /* Products */,
			);
			sourceTree = "<group>";
		};
		049D3E8B1C2A92A3006DE128 /* Products */ = {
			isa = PBXGroup;
			children = (
				049D3E8A1C2A92A3006DE128 /* Matchismo.app */,
			);
			name = Products;
			sourceTree = "<group>";
		};
		049D3E8C1C2A92A3006DE128 /* Matchismo */ = {
			isa = PBXGroup;
			children = (
				049D3E901C2A92A3006DE128 /* AppDelegate.h */,
				049D3E911C2A92A3006DE128 /* AppDelegate.m */,
				049D3E931C2A92A3006DE128 /* CardGameViewController.h */,
				049D3E941C2A92A3006DE128 /* CardGameViewController.m */,
				049D3E961C2A92A4006DE128 /* Main.storyboard */,
				049D3EA81C2AB5C4006DE128 /* Model */,
				049D3E991C2A92A4006DE128 /* Assets.xcassets */,
				049D3E9B1C2A92A4006DE128 /* LaunchScreen.storyboard */,
				049D3E9E1C2A92A4006DE128 /* Info.plist */,
				049D3E8D1C2A92A3006DE128 /* Supporting Files */,
			);
			path = Matchismo;
			sourceTree = "<group>";
		};
		049D3E8D1C2A92A3006DE128 /* Supporting Files */ = {
			isa = PBXGroup;
			children = (
				049D3E8E1C2A92A3006DE128 /* main.m */,
			);
			name = "Supporting Files";
			sourceTree = "<group>";
		};
		049D3EA81C2AB5C4006DE128 /* Model */ = {
			isa = PBXGroup;
			children = (
				042ACFAA1C2C77D200BD8A26 /* Deck.h */,
				042ACFAB1C2C77D200BD8A26 /* Deck.m */,
				042ACFAC1C2C77D200BD8A26 /* PlayingCard.h */,
				042ACFAD1C2C77D200BD8A26 /* PlayingCard.m */,
				042ACFAE1C2C77D200BD8A26 /* PlayingCardDeck.h */,
				042ACFAF1C2C77D200BD8A26 /* PlayingCardDeck.m */,
				042ACFA71C2C776800BD8A26 /* CardMatchingGame.h */,
				042ACFA81C2C776800BD8A26 /* CardMatchingGame.m */,
				049D3EA41C2AB57E006DE128 /* Card.h */,
				049D3EA51C2AB57E006DE128 /* Card.m */,
			);
			name = Model;
			sourceTree = "<group>";
		};
/* End PBXGroup section */

/* Begin PBXNativeTarget section */
		049D3E891C2A92A3006DE128 /* Matchismo */ = {
			isa = PBXNativeTarget;
			buildConfigurationList = 049D3EA11C2A92A4006DE128 /* Build configuration list for PBXNativeTarget "Matchismo" */;
			buildPhases = (
				049D3E861C2A92A3006DE128 /* Sources */,
				049D3E871C2A92A3006DE128 /* Frameworks */,
				049D3E881C2A92A3006DE128 /* Resources */,
			);
			buildRules = (
			);
			dependencies = (
			);
			name = Matchismo;
			productName = Matchismo;
			productReference = 049D3E8A1C2A92A3006DE128 /* Matchismo.app */;
			productType = "com.apple.product-type.application";
		};
/* End PBXNativeTarget section */

/* Begin PBXProject section */
		049D3E821C2A92A3006DE128 /* Project object */ = {
			isa = PBXProject;
			attributes = {
				LastUpgradeCheck = 0720;
				ORGANIZATIONNAME = shiziwen;
				TargetAttributes = {
					049D3E891C2A92A3006DE128 = {
						CreatedOnToolsVersion = 7.2;
					};
				};
			};
			buildConfigurationList = 049D3E851C2A92A3006DE128 /* Build configuration list for PBXProject "Matchismo" */;
			compatibilityVersion = "Xcode 3.2";
			developmentRegion = English;
			hasScannedForEncodings = 0;
			knownRegions = (
				en,
				Base,
			);
			mainGroup = 049D3E811C2A92A3006DE128;
			productRefGroup = 049D3E8B1C2A92A3006DE128 /* Products */;
			projectDirPath = "";
			projectRoot = "";
			targets = (
				049D3E891C2A92A3006DE128 /* Matchismo */,
			);
		};
/* End PBXProject section */

/* Begin PBXResourcesBuildPhase section */
		049D3E881C2A92A3006DE128 /* Resources */ = {
			isa = PBXResourcesBuildPhase;
			buildActionMask = 2147483647;
			files = (
				049D3E9D1C2A92A4006DE128 /* LaunchScreen.storyboard in Resources */,
				049D3E9A1C2A92A4006DE128 /* Assets.xcassets in Resources */,
				049D3E981C2A92A4006DE128 /* Main.storyboard in Resources */,
			);
			runOnlyForDeploymentPostprocessing = 0;
		};
/* End PBXResourcesBuildPhase section */

/* Begin PBXSourcesBuildPhase section */
		049D3E861C2A92A3006DE128 /* Sources */ = {
			isa = PBXSourcesBuildPhase;
			buildActionMask = 2147483647;
			files = (
				049D3E951C2A92A3006DE128 /* CardGameViewController.m in Sources */,
				042ACFB21C2C77D200BD8A26 /* PlayingCardDeck.m in Sources */,
				049D3E921C2A92A3006DE128 /* AppDelegate.m in Sources */,
				042ACFB11C2C77D200BD8A26 /* PlayingCard.m in Sources */,
				049D3E8F1C2A92A3006DE128 /* main.m in Sources */,
				042ACFA91C2C776800BD8A26 /* CardMatchingGame.m in Sources */,
				042ACFB01C2C77D200BD8A26 /* Deck.m in Sources */,
				049D3EA61C2AB57E006DE128 /* Card.m in Sources */,
			);
			runOnlyForDeploymentPostprocessing = 0;
		};
/* End PBXSourcesBuildPhase section */

/* Begin PBXVariantGroup section */
		049D3E961C2A92A4006DE128 /* Main.storyboard */ = {
			isa = PBXVariantGroup;
			children = (
				049D3E971C2A92A4006DE128 /* Base */,
			);
			name = Main.storyboard;
			sourceTree = "<group>";
		};
		049D3E9B1C2A92A4006DE128 /* LaunchScreen.storyboard */ = {
			isa = PBXVariantGroup;
			children = (
				049D3E9C1C2A92A4006DE128 /* Base */,
			);
			name = LaunchScreen.storyboard;
			sourceTree = "<group>";
		};
/* End PBXVariantGroup section */

/* Begin XCBuildConfiguration section */
		049D3E9F1C2A92A4006DE128 /* Debug */ = {
			isa = XCBuildConfiguration;
			buildSettings = {
				ALWAYS_SEARCH_USER_PATHS = NO;
				CLANG_CXX_LANGUAGE_STANDARD = "gnu++0x";
				CLANG_CXX_LIBRARY = "libc++";
				CLANG_ENABLE_MODULES = YES;
				CLANG_ENABLE_OBJC_ARC = YES;
				CLANG_WARN_BOOL_CONVERSION = YES;
				CLANG_WARN_CONSTANT_CONVERSION = YES;
				CLANG_WARN_DIRECT_OBJC_ISA_USAGE = YES_ERROR;
				CLANG_WARN_EMPTY_BODY = YES;
				CLANG_WARN_ENUM_CONVERSION = YES;
				CLANG_WARN_INT_CONVERSION = YES;
				CLANG_WARN_OBJC_ROOT_CLASS = YES_ERROR;
				CLANG_WARN_UNREACHABLE_CODE = YES;
				CLANG_WARN__DUPLICATE_METHOD_MATCH = YES;
				"CODE_SIGN_IDENTITY[sdk=iphoneos*]" = "iPhone Developer";
				COPY_PHASE_STRIP = NO;
				DEBUG_INFORMATION_FORMAT = dwarf;
				ENABLE_STRICT_OBJC_MSGSEND = YES;
				ENABLE_TESTABILITY = YES;
				GCC_C_LANGUAGE_STANDARD = gnu99;
				GCC_DYNAMIC_NO_PIC = NO;
				GCC_NO_COMMON_BLOCKS = YES;
				GCC_OPTIMIZATION_LEVEL = 0;
				GCC_PREPROCESSOR_DEFINITIONS = (
					"DEBUG=1",
					"$(inherited)",
				);
				GCC_WARN_64_TO_32_BIT_CONVERSION = YES;
				GCC_WARN_ABOUT_RETURN_TYPE = YES_ERROR;
				GCC_WARN_UNDECLARED_SELECTOR = YES;
				GCC_WARN_UNINITIALIZED_AUTOS = YES_AGGRESSIVE;
				GCC_WARN_UNUSED_FUNCTION = YES;
				GCC_WARN_UNUSED_VARIABLE = YES;
				IPHONEOS_DEPLOYMENT_TARGET = 9.2;
				MTL_ENABLE_DEBUG_INFO = YES;
				ONLY_ACTIVE_ARCH = YES;
				SDKROOT = iphoneos;
			};
			name = Debug;
		};
		049D3EA01C2A92A4006DE128 /* Release */ = {
			isa = XCBuildConfiguration;
			buildSettings = {
				ALWAYS_SEARCH_USER_PATHS = NO;
				CLANG_CXX_LANGUAGE_STANDARD = "gnu++0x";
				CLANG_CXX_LIBRARY = "libc++";
				CLANG_ENABLE_MODULES = YES;
				CLANG_ENABLE_OBJC_ARC = YES;
				CLANG_WARN_BOOL_CONVERSION = YES;
				CLANG_WARN_CONSTANT_CONVERSION = YES;
				CLANG_WARN_DIRECT_OBJC_ISA_USAGE = YES_ERROR;
				CLANG_WARN_EMPTY_BODY = YES;
				CLANG_WARN_ENUM_CONVERSION = YES;
				CLANG_WARN_INT_CONVERSION = YES;
				CLANG_WARN_OBJC_ROOT_CLASS = YES_ERROR;
				CLANG_WARN_UNREACHABLE_CODE = YES;
				CLANG_WARN__DUPLICATE_METHOD_MATCH = YES;
				"CODE_SIGN_IDENTITY[sdk=iphoneos*]" = "iPhone Developer";
				COPY_PHASE_STRIP = NO;
				DEBUG_INFORMATION_FORMAT = "dwarf-with-dsym";
				ENABLE_NS_ASSERTIONS = NO;
				ENABLE_STRICT_OBJC_MSGSEND = YES;
				GCC_C_LANGUAGE_STANDARD = gnu99;
				GCC_NO_COMMON_BLOCKS = YES;
				GCC_WARN_64_TO_32_BIT_CONVERSION = YES;
				GCC_WARN_ABOUT_RETURN_TYPE = YES_ERROR;
				GCC_WARN_UNDECLARED_SELECTOR = YES;
				GCC_WARN_UNINITIALIZED_AUTOS = YES_AGGRESSIVE;
				GCC_WARN_UNUSED_FUNCTION = YES;
				GCC_WARN_UNUSED_VARIABLE = YES;
				IPHONEOS_DEPLOYMENT_TARGET = 9.2;
				MTL_ENABLE_DEBUG_INFO = NO;
				SDKROOT = iphoneos;
				VALIDATE_PRODUCT = YES;
			};
			name = Release;
		};
		049D3EA21C2A92A4006DE128 /* Debug */ = {
			isa = XCBuildConfiguration;
			buildSettings = {
				ASSETCATALOG_COMPILER_APPICON_NAME = AppIcon;
				INFOPLIST_FILE = Matchismo/Info.plist;
				LD_RUNPATH_SEARCH_PATHS = "$(inherited) @executable_path/Frameworks";
				PRODUCT_BUNDLE_IDENTIFIER = shiziwen.exercise.cs193p.Matchismo;
				PRODUCT_NAME = "$(TARGET_NAME)";
			};
			name = Debug;
		};
		049D3EA31C2A92A4006DE128 /* Release */ = {
			isa = XCBuildConfiguration;
			buildSettings = {
				ASSETCATALOG_COMPILER_APPICON_NAME = AppIcon;
				INFOPLIST_FILE = Matchismo/Info.plist;
				LD_RUNPATH_SEARCH_PATHS = "$(inherited) @executable_path/Frameworks";
				PRODUCT_BUNDLE_IDENTIFIER = shiziwen.exercise.cs193p.Matchismo;
				PRODUCT_NAME = "$(TARGET_NAME)";
			};
			name = Release;
		};
/* End XCBuildConfiguration section */

/* Begin XCConfigurationList section */
		049D3E851C2A92A3006DE128 /* Build configuration list for PBXProject "Matchismo" */ = {
			isa = XCConfigurationList;
			buildConfigurations = (
				049D3E9F1C2A92A4006DE128 /* Debug */,
				049D3EA01C2A92A4006DE128 /* Release */,
			);
			defaultConfigurationIsVisible = 0;
			defaultConfigurationName = Release;
		};
		049D3EA11C2A92A4006DE128 /* Build configuration list for PBXNativeTarget "Matchismo" */ = {
			isa = XCConfigurationList;
			buildConfigurations = (
				049D3EA21C2A92A4006DE128 /* Debug */,
				049D3EA31C2A92A4006DE128 /* Release */,
			);
			defaultConfigurationIsVisible = 0;
			defaultConfigurationName = Release;
		};
/* End XCConfigurationList section */
	};
	rootObject = 049D3E821C2A92A3006DE128 /* Project object */;
}
